
Microsoft Visual Studio Solution File, Format Version 12.00
# Visual Studio 2013
VisualStudioVersion = 12.0.30324.0
MinimumVisualStudioVersion = 10.0.40219.1
Project("{FAE04EC0-301F-11D3-BF4B-00C04F79EFBC}") = "mediacat.gui-wpf.net45", "..\..\src\mediacat.gui-wpf.net45\mediacat.gui-wpf.net45.csproj", "{87C58633-90C3-43D5-B195-D37474B38F79}"
EndProject
Global
	GlobalSection(SolutionConfigurationPlatforms) = preSolution
		Debug|Any CPU = Debug|Any CPU
		Release|Any CPU = Release|Any CPU
	EndGlobalSection
	GlobalSection(ProjectConfigurationPlatforms) = postSolution
		{87C58633-90C3-43D5-B195-D37474B38F79}.Debug|Any CPU.ActiveCfg = Debug|Any CPU
		{87C58633-90C3-43D5-B195-D37474B38F79}.Debug|Any CPU.Build.0 = Debug|Any CPU
		{87C58633-90C3-43D5-B195-D37474B38F79}.Release|Any CPU.ActiveCfg = Release|Any CPU
		{87C58633-90C3-43D5-B195-D37474B38F79}.Release|Any CPU.Build.0 = Release|Any CPU
	EndGlobalSection
	GlobalSection(SolutionProperties) = preSolution
		HideSolutionNode = FALSE
	EndGlobalSection
EndGlobal
